
Microsoft Visual Studio Solution File, Format Version 12.00
# Visual Studio Version 16
VisualStudioVersion = 16.0.32630.194
MinimumVisualStudioVersion = 10.0.40219.1
Project("{FAE04EC0-301F-11D3-BF4B-00C04F79EFBC}") = "Chaotic Night", "Chaotic Night\Chaotic Night.csproj", "{B23F50ED-D50F-4589-B39F-2E1D2285E851}"
EndProject
Global
	GlobalSection(SolutionConfigurationPlatforms) = preSolution
		Debug|Any CPU = Debug|Any CPU
		Release|Any CPU = Release|Any CPU
	EndGlobalSection
	GlobalSection(ProjectConfigurationPlatforms) = postSolution
		{B23F50ED-D50F-4589-B39F-2E1D2285E851}.Debug|Any CPU.ActiveCfg = Debug|Any CPU
		{B23F50ED-D50F-4589-B39F-2E1D2285E851}.Debug|Any CPU.Build.0 = Debug|Any CPU
		{B23F50ED-D50F-4589-B39F-2E1D2285E851}.Release|Any CPU.ActiveCfg = Release|Any CPU
		{B23F50ED-D50F-4589-B39F-2E1D2285E851}.Release|Any CPU.Build.0 = Release|Any CPU
	EndGlobalSection
	GlobalSection(SolutionProperties) = preSolution
		HideSolutionNode = FALSE
	EndGlobalSection
	GlobalSection(ExtensibilityGlobals) = postSolution
		SolutionGuid = {9D557669-4429-4890-8477-08F0529EFC6E}
	EndGlobalSection
EndGlobal
